
Microsoft Visual Studio Solution File, Format Version 12.00
# Visual Studio Version 16
VisualStudioVersion = 16.0.28917.181
MinimumVisualStudioVersion = 10.0.40219.1
Project("{888888A0-9F3D-457C-B088-3A5042F75D52}") = "Purchasing Food!", "Purchasing Food!\Purchasing Food!.pyproj", "{7ABAF9B3-F53F-490A-B85D-E5DE29367C68}"
EndProject
Global
	GlobalSection(SolutionConfigurationPlatforms) = preSolution
		Debug|Any CPU = Debug|Any CPU
		Release|Any CPU = Release|Any CPU
	EndGlobalSection
	GlobalSection(ProjectConfigurationPlatforms) = postSolution
		{7ABAF9B3-F53F-490A-B85D-E5DE29367C68}.Debug|Any CPU.ActiveCfg = Debug|Any CPU
		{7ABAF9B3-F53F-490A-B85D-E5DE29367C68}.Release|Any CPU.ActiveCfg = Release|Any CPU
	EndGlobalSection
	GlobalSection(SolutionProperties) = preSolution
		HideSolutionNode = FALSE
	EndGlobalSection
	GlobalSection(ExtensibilityGlobals) = postSolution
		SolutionGuid = {B77DECC3-B0FB-45B1-BC92-FA2B4203B6F2}
	EndGlobalSection
EndGlobal
